dependencies:
- name: backend
  repository: file://charts/backend
  version: 0.1.0
- name: postgres
  repository: file://charts/postgres
  version: 0.1.0
- name: celery-worker
  repository: file://charts/celery-worker
  version: 0.1.0
- name: flower
  repository: file://charts/flower
  version: 0.1.0
- name: redis
  repository: file://charts/redis
  version: 0.1.0
- name: redis-insight
  repository: file://charts/redis-insight
  version: 0.1.0
digest: sha256:0dd6e403bacb264e755e71ca2b88ac14ff675f259539a945f1a1265fcaa8eb88
generated: "2025-12-30T21:36:46.7394782+03:00"
