dependencies:
- name: backend
  repository: file://charts/backend
  version: 0.1.0
- name: postgres
  repository: file://charts/postgres
  version: 0.1.0
- name: celery-worker
  repository: file://charts/celery-worker
  version: 0.1.0
- name: flower
  repository: file://charts/flower
  version: 0.1.0
- name: redis
  repository: file://charts/redis
  version: 0.1.0
- name: redis-insight
  repository: file://charts/redis-insight
  version: 0.1.0
digest: sha256:1389b7761e4c479d9152bcf6f670b1b2975069e60c8bcb9344c9e8820cc3d765
generated: "2026-06-06T03:22:07.0016548+03:00"
